{
  "lockfileVersion": 1,
  "workspaces": {
    "": {
      "devDependencies": {
        "@datastructures-js/deque": "^1.0.5",
        "@datastructures-js/priority-queue": "^6.3.3",
        "prettier": "^3.6.2",
      },
    },
  },
  "packages": {
    "@datastructures-js/deque": ["@datastructures-js/deque@1.0.5", "", {}, "sha512-ogeIkpcCGnM+LAZYZqXBXn6Nx0a/ikkKDFPoa1MzZWRFyEdfVUNwkHclET/T8jkyNM1dN6NmPDfenNKcKazjjg=="],

    "@datastructures-js/heap": ["@datastructures-js/heap@4.3.3", "", {}, "sha512-UcUu/DLh/aM4W3C8zZfwxxm6/6FIZUlm3mcAXuNOCa6Aj4iizNvNXQyb8DjZQH2jKSQbMRyNlngP6TPimuGjpQ=="],

    "@datastructures-js/priority-queue": ["@datastructures-js/priority-queue@6.3.3", "", { "dependencies": { "@datastructures-js/heap": "^4.3.3" } }, "sha512-CIbUf0h4TPu1tHJ2gV4OTjwPkh7XZNb37u44bwoW6Py2vPdgaRUhFh3qFET6jvhyMNq/+ChWfOBRh+9s5WUtvA=="],

    "prettier": ["prettier@3.6.2", "", { "bin": { "prettier": "bin/prettier.cjs" } }, "sha512-I7AIg5boAr5R0FFtJ6rCfD+LFsWHp81dolrFD8S79U9tb8Az2nGrJncnMSnys+bpQJfRUzqs9hnA81OAA3hCuQ=="],
  }
}
