# THIS IS AN AUTOGENERATED FILE. DO NOT EDIT THIS FILE DIRECTLY.
# yarn lockfile v1


"@datastructures-js/heap@^4.1.2":
  version "4.3.1"
  resolved "https://registry.yarnpkg.com/@datastructures-js/heap/-/heap-4.3.1.tgz#d3752b5664202b99b41815f6117e501d8f66c632"
  integrity sha512-au4fYa4fprREES58FnMOTFjg8lCYpSenF5tBu8C/iweMaj02rAOZUqlLUCqR3HIWzNfgTeCmAiyRHdjJVHrsIQ==

"@datastructures-js/priority-queue@^6.1.4":
  version "6.1.4"
  resolved "https://registry.yarnpkg.com/@datastructures-js/priority-queue/-/priority-queue-6.1.4.tgz#e452111e539835a9fd76b3daee4870b073804112"
  integrity sha512-bYjnSSxrLjfrlnKeUID7sEzHbbtb8ENLhT/jQ4VoKTDUrJfupHr7cuaUtSFEQS1AsRCDQSaTgaNwmF8FUs9dwQ==
  dependencies:
    "@datastructures-js/heap" "^4.1.2"

prettier@^2.8.3:
  version "2.8.3"
  resolved "https://registry.yarnpkg.com/prettier/-/prettier-2.8.3.tgz#ab697b1d3dd46fb4626fbe2f543afe0cc98d8632"
  integrity sha512-tJ/oJ4amDihPoufT5sM0Z1SKEuKay8LfVAMlbbhnnkvt6BUserZylqo2PN+p9KeljLr0OHa2rXHU1T8reeoTrw==
